// !$*UTF8*$!
{
	archiveVersion = 1;
	classes = {
	};
	objectVersion = 48;
	objects = {

/* Begin PBXBuildFile section */
		66AFD0AF4CC3266F99FFEC7C /* libPods-SJAttributesFactory.a in Frameworks */ = {isa = PBXBuildFile; fileRef = BC64684C1803C091BA7E813A /* libPods-SJAttributesFactory.a */; };
		776BF60F1FE2D3500081CD9B /* SJLabelViewController.m in Sources */ = {isa = PBXBuildFile; fileRef = 776BF60E1FE2D3500081CD9B /* SJLabelViewController.m */; };
		776BF6441FE3F6860081CD9B /* SJTableViewCell.m in Sources */ = {isa = PBXBuildFile; fileRef = 776BF6431FE3F6860081CD9B /* SJTableViewCell.m */; };
		779A59E51FB33AB100F88DEC /* sample2.png in Resources */ = {isa = PBXBuildFile; fileRef = 779A59E41FB33AB100F88DEC /* sample2.png */; };
		779A59E71FB3466D00F88DEC /* ex.gif in Resources */ = {isa = PBXBuildFile; fileRef = 779A59E61FB3466D00F88DEC /* ex.gif */; };
		77E7E62F1FE794860061439B /* README.md in Resources */ = {isa = PBXBuildFile; fileRef = 77E7E62E1FE794860061439B /* README.md */; };
		77E7E6441FE794950061439B /* SJCTData.m in Sources */ = {isa = PBXBuildFile; fileRef = 77E7E6341FE794950061439B /* SJCTData.m */; };
		77E7E6451FE794950061439B /* SJCTFrameParser.m in Sources */ = {isa = PBXBuildFile; fileRef = 77E7E6361FE794950061439B /* SJCTFrameParser.m */; };
		77E7E6461FE794950061439B /* SJCTFrameParserConfig.m in Sources */ = {isa = PBXBuildFile; fileRef = 77E7E6381FE794950061439B /* SJCTFrameParserConfig.m */; };
		77E7E6471FE794950061439B /* SJCTImageData.m in Sources */ = {isa = PBXBuildFile; fileRef = 77E7E63A1FE794950061439B /* SJCTImageData.m */; };
		77E7E6481FE794950061439B /* SJLabel.m in Sources */ = {isa = PBXBuildFile; fileRef = 77E7E63C1FE794950061439B /* SJLabel.m */; };
		77E7E6491FE794950061439B /* SJAttributedStringKeys.m in Sources */ = {isa = PBXBuildFile; fileRef = 77E7E63E1FE794950061439B /* SJAttributedStringKeys.m */; };
		77E7E64A1FE794950061439B /* SJAttributesFactory.m in Sources */ = {isa = PBXBuildFile; fileRef = 77E7E6401FE794950061439B /* SJAttributesFactory.m */; };
		77E7E64B1FE794950061439B /* SJAttributeWorker.m in Sources */ = {isa = PBXBuildFile; fileRef = 77E7E6431FE794950061439B /* SJAttributeWorker.m */; };
		77E7E64D1FE795680061439B /* SJAttributesFactory.podspec in Resources */ = {isa = PBXBuildFile; fileRef = 77E7E64C1FE795670061439B /* SJAttributesFactory.podspec */; };
		77E7E6521FE7A3F60061439B /* action.gif in Resources */ = {isa = PBXBuildFile; fileRef = 77E7E6511FE7A3F60061439B /* action.gif */; };
		A69E5BF51FB09BDC00EB65B5 /* AppDelegate.m in Sources */ = {isa = PBXBuildFile; fileRef = A69E5BF41FB09BDC00EB65B5 /* AppDelegate.m */; };
		A69E5BF81FB09BDC00EB65B5 /* ViewController.m in Sources */ = {isa = PBXBuildFile; fileRef = A69E5BF71FB09BDC00EB65B5 /* ViewController.m */; };
		A69E5BFB1FB09BDC00EB65B5 /* Main.storyboard in Resources */ = {isa = PBXBuildFile; fileRef = A69E5BF91FB09BDC00EB65B5 /* Main.storyboard */; };
		A69E5BFD1FB09BDC00EB65B5 /* Assets.xcassets in Resources */ = {isa = PBXBuildFile; fileRef = A69E5BFC1FB09BDC00EB65B5 /* Assets.xcassets */; };
		A69E5C001FB09BDC00EB65B5 /* LaunchScreen.storyboard in Resources */ = {isa = PBXBuildFile; fileRef = A69E5BFE1FB09BDC00EB65B5 /* LaunchScreen.storyboard */; };
		A69E5C031FB09BDC00EB65B5 /* main.m in Sources */ = {isa = PBXBuildFile; fileRef = A69E5C021FB09BDC00EB65B5 /* main.m */; };
/* End PBXBuildFile section */

/* Begin PBXFileReference section */
		776BF60D1FE2D3500081CD9B /* SJLabelViewController.h */ = {isa = PBXFileReference; lastKnownFileType = sourcecode.c.h; path = SJLabelViewController.h; sourceTree = "<group>"; };
		776BF60E1FE2D3500081CD9B /* SJLabelViewController.m */ = {isa = PBXFileReference; lastKnownFileType = sourcecode.c.objc; path = SJLabelViewController.m; sourceTree = "<group>"; };
		776BF6421FE3F6860081CD9B /* SJTableViewCell.h */ = {isa = PBXFileReference; lastKnownFileType = sourcecode.c.h; path = SJTableViewCell.h; sourceTree = "<group>"; };
		776BF6431FE3F6860081CD9B /* SJTableViewCell.m */ = {isa = PBXFileReference; lastKnownFileType = sourcecode.c.objc; path = SJTableViewCell.m; sourceTree = "<group>"; };
		779A59E41FB33AB100F88DEC /* sample2.png */ = {isa = PBXFileReference; lastKnownFileType = image.png; path = sample2.png; sourceTree = "<group>"; };
		779A59E61FB3466D00F88DEC /* ex.gif */ = {isa = PBXFileReference; lastKnownFileType = image.gif; path = ex.gif; sourceTree = "<group>"; };
		77E7E62E1FE794860061439B /* README.md */ = {isa = PBXFileReference; fileEncoding = 4; lastKnownFileType = net.daringfireball.markdown; name = README.md; path = ../README.md; sourceTree = "<group>"; };
		77E7E6331FE794950061439B /* SJCTData.h */ = {isa = PBXFileReference; fileEncoding = 4; lastKnownFileType = sourcecode.c.h; path = SJCTData.h; sourceTree = "<group>"; };
		77E7E6341FE794950061439B /* SJCTData.m */ = {isa = PBXFileReference; fileEncoding = 4; lastKnownFileType = sourcecode.c.objc; path = SJCTData.m; sourceTree = "<group>"; };
		77E7E6351FE794950061439B /* SJCTFrameParser.h */ = {isa = PBXFileReference; fileEncoding = 4; lastKnownFileType = sourcecode.c.h; path = SJCTFrameParser.h; sourceTree = "<group>"; };
		77E7E6361FE794950061439B /* SJCTFrameParser.m */ = {isa = PBXFileReference; fileEncoding = 4; lastKnownFileType = sourcecode.c.objc; path = SJCTFrameParser.m; sourceTree = "<group>"; };
		77E7E6371FE794950061439B /* SJCTFrameParserConfig.h */ = {isa = PBXFileReference; fileEncoding = 4; lastKnownFileType = sourcecode.c.h; path = SJCTFrameParserConfig.h; sourceTree = "<group>"; };
		77E7E6381FE794950061439B /* SJCTFrameParserConfig.m */ = {isa = PBXFileReference; fileEncoding = 4; lastKnownFileType = sourcecode.c.objc; path = SJCTFrameParserConfig.m; sourceTree = "<group>"; };
		77E7E6391FE794950061439B /* SJCTImageData.h */ = {isa = PBXFileReference; fileEncoding = 4; lastKnownFileType = sourcecode.c.h; path = SJCTImageData.h; sourceTree = "<group>"; };
		77E7E63A1FE794950061439B /* SJCTImageData.m */ = {isa = PBXFileReference; fileEncoding = 4; lastKnownFileType = sourcecode.c.objc; path = SJCTImageData.m; sourceTree = "<group>"; };
		77E7E63B1FE794950061439B /* SJLabel.h */ = {isa = PBXFileReference; fileEncoding = 4; lastKnownFileType = sourcecode.c.h; path = SJLabel.h; sourceTree = "<group>"; };
		77E7E63C1FE794950061439B /* SJLabel.m */ = {isa = PBXFileReference; fileEncoding = 4; lastKnownFileType = sourcecode.c.objc; path = SJLabel.m; sourceTree = "<group>"; };
		77E7E63D1FE794950061439B /* SJAttributedStringKeys.h */ = {isa = PBXFileReference; fileEncoding = 4; lastKnownFileType = sourcecode.c.h; path = SJAttributedStringKeys.h; sourceTree = "<group>"; };
		77E7E63E1FE794950061439B /* SJAttributedStringKeys.m */ = {isa = PBXFileReference; fileEncoding = 4; lastKnownFileType = sourcecode.c.objc; path = SJAttributedStringKeys.m; sourceTree = "<group>"; };
		77E7E63F1FE794950061439B /* SJAttributesFactory.h */ = {isa = PBXFileReference; fileEncoding = 4; lastKnownFileType = sourcecode.c.h; path = SJAttributesFactory.h; sourceTree = "<group>"; };
		77E7E6401FE794950061439B /* SJAttributesFactory.m */ = {isa = PBXFileReference; fileEncoding = 4; lastKnownFileType = sourcecode.c.objc; path = SJAttributesFactory.m; sourceTree = "<group>"; };
		77E7E6411FE794950061439B /* SJAttributesFactoryHeader.h */ = {isa = PBXFileReference; fileEncoding = 4; lastKnownFileType = sourcecode.c.h; path = SJAttributesFactoryHeader.h; sourceTree = "<group>"; };
		77E7E6421FE794950061439B /* SJAttributeWorker.h */ = {isa = PBXFileReference; fileEncoding = 4; lastKnownFileType = sourcecode.c.h; path = SJAttributeWorker.h; sourceTree = "<group>"; };
		77E7E6431FE794950061439B /* SJAttributeWorker.m */ = {isa = PBXFileReference; fileEncoding = 4; lastKnownFileType = sourcecode.c.objc; path = SJAttributeWorker.m; sourceTree = "<group>"; };
		77E7E64C1FE795670061439B /* SJAttributesFactory.podspec */ = {isa = PBXFileReference; fileEncoding = 4; lastKnownFileType = text; name = SJAttributesFactory.podspec; path = ../SJAttributesFactory.podspec; sourceTree = "<group>"; };
		77E7E6511FE7A3F60061439B /* action.gif */ = {isa = PBXFileReference; lastKnownFileType = image.gif; path = action.gif; sourceTree = "<group>"; };
		7B5BBDDC8EBE6151143BEA0B /* Pods-SJAttributesFactory.debug.xcconfig */ = {isa = PBXFileReference; includeInIndex = 1; lastKnownFileType = text.xcconfig; name = "Pods-SJAttributesFactory.debug.xcconfig"; path = "Pods/Target Support Files/Pods-SJAttributesFactory/Pods-SJAttributesFactory.debug.xcconfig"; sourceTree = "<group>"; };
		A61066CC1FB0D08A00A67DF9 /* sample1.png */ = {isa = PBXFileReference; lastKnownFileType = image.png; path = sample1.png; sourceTree = "<group>"; };
		A69E5BF01FB09BDC00EB65B5 /* SJAttributesFactory.app */ = {isa = PBXFileReference; explicitFileType = wrapper.application; includeInIndex = 0; path = SJAttributesFactory.app; sourceTree = BUILT_PRODUCTS_DIR; };
		A69E5BF31FB09BDC00EB65B5 /* AppDelegate.h */ = {isa = PBXFileReference; lastKnownFileType = sourcecode.c.h; path = AppDelegate.h; sourceTree = "<group>"; };
		A69E5BF41FB09BDC00EB65B5 /* AppDelegate.m */ = {isa = PBXFileReference; lastKnownFileType = sourcecode.c.objc; path = AppDelegate.m; sourceTree = "<group>"; };
		A69E5BF61FB09BDC00EB65B5 /* ViewController.h */ = {isa = PBXFileReference; lastKnownFileType = sourcecode.c.h; path = ViewController.h; sourceTree = "<group>"; };
		A69E5BF71FB09BDC00EB65B5 /* ViewController.m */ = {isa = PBXFileReference; lastKnownFileType = sourcecode.c.objc; path = ViewController.m; sourceTree = "<group>"; };
		A69E5BFA1FB09BDC00EB65B5 /* Base */ = {isa = PBXFileReference; lastKnownFileType = file.storyboard; name = Base; path = Base.lproj/Main.storyboard; sourceTree = "<group>"; };
		A69E5BFC1FB09BDC00EB65B5 /* Assets.xcassets */ = {isa = PBXFileReference; lastKnownFileType = folder.assetcatalog; path = Assets.xcassets; sourceTree = "<group>"; };
		A69E5BFF1FB09BDC00EB65B5 /* Base */ = {isa = PBXFileReference; lastKnownFileType = file.storyboard; name = Base; path = Base.lproj/LaunchScreen.storyboard; sourceTree = "<group>"; };
		A69E5C011FB09BDC00EB65B5 /* Info.plist */ = {isa = PBXFileReference; lastKnownFileType = text.plist.xml; path = Info.plist; sourceTree = "<group>"; };
		A69E5C021FB09BDC00EB65B5 /* main.m */ = {isa = PBXFileReference; lastKnownFileType = sourcecode.c.objc; path = main.m; sourceTree = "<group>"; };
		A9D887137C8F564BA68B72DB /* Pods-SJAttributesFactory.release.xcconfig */ = {isa = PBXFileReference; includeInIndex = 1; lastKnownFileType = text.xcconfig; name = "Pods-SJAttributesFactory.release.xcconfig"; path = "Pods/Target Support Files/Pods-SJAttributesFactory/Pods-SJAttributesFactory.release.xcconfig"; sourceTree = "<group>"; };
		BC64684C1803C091BA7E813A /* libPods-SJAttributesFactory.a */ = {isa = PBXFileReference; explicitFileType = archive.ar; includeInIndex = 0; path = "libPods-SJAttributesFactory.a"; sourceTree = BUILT_PRODUCTS_DIR; };
/* End PBXFileReference section */

/* Begin PBXFrameworksBuildPhase section */
		A69E5BED1FB09BDC00EB65B5 /* Frameworks */ = {
			isa = PBXFrameworksBuildPhase;
			buildActionMask = 2147483647;
			files = (
				66AFD0AF4CC3266F99FFEC7C /* libPods-SJAttributesFactory.a in Frameworks */,
			);
			runOnlyForDeploymentPostprocessing = 0;
		};
/* End PBXFrameworksBuildPhase section */

/* Begin PBXGroup section */
		2438C3412CDB78F4E6A03CB1 /* Frameworks */ = {
			isa = PBXGroup;
			children = (
				BC64684C1803C091BA7E813A /* libPods-SJAttributesFactory.a */,
			);
			name = Frameworks;
			sourceTree = "<group>";
		};
		655CDBF7BB105836863A3503 /* Pods */ = {
			isa = PBXGroup;
			children = (
				7B5BBDDC8EBE6151143BEA0B /* Pods-SJAttributesFactory.debug.xcconfig */,
				A9D887137C8F564BA68B72DB /* Pods-SJAttributesFactory.release.xcconfig */,
			);
			name = Pods;
			sourceTree = "<group>";
		};
		776BF6411FE3F66E0081CD9B /* LabelDemo */ = {
			isa = PBXGroup;
			children = (
				776BF60D1FE2D3500081CD9B /* SJLabelViewController.h */,
				776BF60E1FE2D3500081CD9B /* SJLabelViewController.m */,
				776BF6421FE3F6860081CD9B /* SJTableViewCell.h */,
				776BF6431FE3F6860081CD9B /* SJTableViewCell.m */,
			);
			path = LabelDemo;
			sourceTree = "<group>";
		};
		77E7E6301FE794950061439B /* SJAttributesFactory */ = {
			isa = PBXGroup;
			children = (
				77E7E6331FE794950061439B /* SJCTData.h */,
				77E7E6341FE794950061439B /* SJCTData.m */,
				77E7E6351FE794950061439B /* SJCTFrameParser.h */,
				77E7E6361FE794950061439B /* SJCTFrameParser.m */,
				77E7E6371FE794950061439B /* SJCTFrameParserConfig.h */,
				77E7E6381FE794950061439B /* SJCTFrameParserConfig.m */,
				77E7E6391FE794950061439B /* SJCTImageData.h */,
				77E7E63B1FE794950061439B /* SJLabel.h */,
				77E7E63C1FE794950061439B /* SJLabel.m */,
				77E7E63A1FE794950061439B /* SJCTImageData.m */,
				77E7E63D1FE794950061439B /* SJAttributedStringKeys.h */,
				77E7E63E1FE794950061439B /* SJAttributedStringKeys.m */,
				77E7E63F1FE794950061439B /* SJAttributesFactory.h */,
				77E7E6401FE794950061439B /* SJAttributesFactory.m */,
				77E7E6411FE794950061439B /* SJAttributesFactoryHeader.h */,
				77E7E6421FE794950061439B /* SJAttributeWorker.h */,
				77E7E6431FE794950061439B /* SJAttributeWorker.m */,
			);
			name = SJAttributesFactory;
			path = ../../SJAttributesFactory;
			sourceTree = "<group>";
		};
		A69E5BE71FB09BDC00EB65B5 = {
			isa = PBXGroup;
			children = (
				77E7E62E1FE794860061439B /* README.md */,
				77E7E64C1FE795670061439B /* SJAttributesFactory.podspec */,
				A69E5BF21FB09BDC00EB65B5 /* SJAttributesFactory */,
				A69E5BF11FB09BDC00EB65B5 /* Products */,
				655CDBF7BB105836863A3503 /* Pods */,
				2438C3412CDB78F4E6A03CB1 /* Frameworks */,
			);
			sourceTree = "<group>";
		};
		A69E5BF11FB09BDC00EB65B5 /* Products */ = {
			isa = PBXGroup;
			children = (
				A69E5BF01FB09BDC00EB65B5 /* SJAttributesFactory.app */,
			);
			name = Products;
			sourceTree = "<group>";
		};
		A69E5BF21FB09BDC00EB65B5 /* SJAttributesFactory */ = {
			isa = PBXGroup;
			children = (
				A69E5BF31FB09BDC00EB65B5 /* AppDelegate.h */,
				A69E5BF41FB09BDC00EB65B5 /* AppDelegate.m */,
				A69E5BF61FB09BDC00EB65B5 /* ViewController.h */,
				A69E5BF71FB09BDC00EB65B5 /* ViewController.m */,
				776BF6411FE3F66E0081CD9B /* LabelDemo */,
				77E7E6301FE794950061439B /* SJAttributesFactory */,
				779A59E61FB3466D00F88DEC /* ex.gif */,
				77E7E6511FE7A3F60061439B /* action.gif */,
				A61066CC1FB0D08A00A67DF9 /* sample1.png */,
				779A59E41FB33AB100F88DEC /* sample2.png */,
				A69E5BF91FB09BDC00EB65B5 /* Main.storyboard */,
				A69E5BFC1FB09BDC00EB65B5 /* Assets.xcassets */,
				A69E5BFE1FB09BDC00EB65B5 /* LaunchScreen.storyboard */,
				A69E5C011FB09BDC00EB65B5 /* Info.plist */,
				A69E5C021FB09BDC00EB65B5 /* main.m */,
			);
			path = SJAttributesFactory;
			sourceTree = "<group>";
		};
/* End PBXGroup section */

/* Begin PBXNativeTarget section */
		A69E5BEF1FB09BDC00EB65B5 /* SJAttributesFactory */ = {
			isa = PBXNativeTarget;
			buildConfigurationList = A69E5C061FB09BDC00EB65B5 /* Build configuration list for PBXNativeTarget "SJAttributesFactory" */;
			buildPhases = (
				B64734CAE6FA73A1EDBFDDDA /* [CP] Check Pods Manifest.lock */,
				A69E5BEC1FB09BDC00EB65B5 /* Sources */,
				A69E5BED1FB09BDC00EB65B5 /* Frameworks */,
				A69E5BEE1FB09BDC00EB65B5 /* Resources */,
				A038324D14866EC60C75D868 /* [CP] Embed Pods Frameworks */,
				86D8371475677C67F9B1D4FF /* [CP] Copy Pods Resources */,
			);
			buildRules = (
			);
			dependencies = (
			);
			name = SJAttributesFactory;
			productName = SJAttributesFactory;
			productReference = A69E5BF01FB09BDC00EB65B5 /* SJAttributesFactory.app */;
			productType = "com.apple.product-type.application";
		};
/* End PBXNativeTarget section */

/* Begin PBXProject section */
		A69E5BE81FB09BDC00EB65B5 /* Project object */ = {
			isa = PBXProject;
			attributes = {
				LastUpgradeCheck = 0900;
				ORGANIZATIONNAME = "畅三江";
				TargetAttributes = {
					A69E5BEF1FB09BDC00EB65B5 = {
						CreatedOnToolsVersion = 9.0;
						ProvisioningStyle = Manual;
					};
				};
			};
			buildConfigurationList = A69E5BEB1FB09BDC00EB65B5 /* Build configuration list for PBXProject "SJAttributesFactory" */;
			compatibilityVersion = "Xcode 8.0";
			developmentRegion = en;
			hasScannedForEncodings = 0;
			knownRegions = (
				en,
				Base,
			);
			mainGroup = A69E5BE71FB09BDC00EB65B5;
			productRefGroup = A69E5BF11FB09BDC00EB65B5 /* Products */;
			projectDirPath = "";
			projectRoot = "";
			targets = (
				A69E5BEF1FB09BDC00EB65B5 /* SJAttributesFactory */,
			);
		};
/* End PBXProject section */

/* Begin PBXResourcesBuildPhase section */
		A69E5BEE1FB09BDC00EB65B5 /* Resources */ = {
			isa = PBXResourcesBuildPhase;
			buildActionMask = 2147483647;
			files = (
				779A59E71FB3466D00F88DEC /* ex.gif in Resources */,
				A69E5C001FB09BDC00EB65B5 /* LaunchScreen.storyboard in Resources */,
				77E7E64D1FE795680061439B /* SJAttributesFactory.podspec in Resources */,
				A69E5BFD1FB09BDC00EB65B5 /* Assets.xcassets in Resources */,
				77E7E6521FE7A3F60061439B /* action.gif in Resources */,
				77E7E62F1FE794860061439B /* README.md in Resources */,
				A69E5BFB1FB09BDC00EB65B5 /* Main.storyboard in Resources */,
				779A59E51FB33AB100F88DEC /* sample2.png in Resources */,
			);
			runOnlyForDeploymentPostprocessing = 0;
		};
/* End PBXResourcesBuildPhase section */

/* Begin PBXShellScriptBuildPhase section */
		86D8371475677C67F9B1D4FF /* [CP] Copy Pods Resources */ = {
			isa = PBXShellScriptBuildPhase;
			buildActionMask = 2147483647;
			files = (
			);
			inputPaths = (
			);
			name = "[CP] Copy Pods Resources";
			outputPaths = (
			);
			runOnlyForDeploymentPostprocessing = 0;
			shellPath = /bin/sh;
			shellScript = "\"${SRCROOT}/Pods/Target Support Files/Pods-SJAttributesFactory/Pods-SJAttributesFactory-resources.sh\"\n";
			showEnvVarsInLog = 0;
		};
		A038324D14866EC60C75D868 /* [CP] Embed Pods Frameworks */ = {
			isa = PBXShellScriptBuildPhase;
			buildActionMask = 2147483647;
			files = (
			);
			inputPaths = (
			);
			name = "[CP] Embed Pods Frameworks";
			outputPaths = (
			);
			runOnlyForDeploymentPostprocessing = 0;
			shellPath = /bin/sh;
			shellScript = "\"${SRCROOT}/Pods/Target Support Files/Pods-SJAttributesFactory/Pods-SJAttributesFactory-frameworks.sh\"\n";
			showEnvVarsInLog = 0;
		};
		B64734CAE6FA73A1EDBFDDDA /* [CP] Check Pods Manifest.lock */ = {
			isa = PBXShellScriptBuildPhase;
			buildActionMask = 2147483647;
			files = (
			);
			inputPaths = (
				"${PODS_PODFILE_DIR_PATH}/Podfile.lock",
				"${PODS_ROOT}/Manifest.lock",
			);
			name = "[CP] Check Pods Manifest.lock";
			outputPaths = (
				"$(DERIVED_FILE_DIR)/Pods-SJAttributesFactory-checkManifestLockResult.txt",
			);
			runOnlyForDeploymentPostprocessing = 0;
			shellPath = /bin/sh;
			shellScript = "diff \"${PODS_PODFILE_DIR_PATH}/Podfile.lock\" \"${PODS_ROOT}/Manifest.lock\" > /dev/null\nif [ $? != 0 ] ; then\n    # print error to STDERR\n    echo \"error: The sandbox is not in sync with the Podfile.lock. Run 'pod install' or update your CocoaPods installation.\" >&2\n    exit 1\nfi\n# This output is used by Xcode 'outputs' to avoid re-running this script phase.\necho \"SUCCESS\" > \"${SCRIPT_OUTPUT_FILE_0}\"\n";
			showEnvVarsInLog = 0;
		};
/* End PBXShellScriptBuildPhase section */

/* Begin PBXSourcesBuildPhase section */
		A69E5BEC1FB09BDC00EB65B5 /* Sources */ = {
			isa = PBXSourcesBuildPhase;
			buildActionMask = 2147483647;
			files = (
				77E7E64A1FE794950061439B /* SJAttributesFactory.m in Sources */,
				776BF6441FE3F6860081CD9B /* SJTableViewCell.m in Sources */,
				77E7E6441FE794950061439B /* SJCTData.m in Sources */,
				77E7E64B1FE794950061439B /* SJAttributeWorker.m in Sources */,
				77E7E6451FE794950061439B /* SJCTFrameParser.m in Sources */,
				77E7E6471FE794950061439B /* SJCTImageData.m in Sources */,
				A69E5BF81FB09BDC00EB65B5 /* ViewController.m in Sources */,
				77E7E6461FE794950061439B /* SJCTFrameParserConfig.m in Sources */,
				A69E5C031FB09BDC00EB65B5 /* main.m in Sources */,
				77E7E6481FE794950061439B /* SJLabel.m in Sources */,
				77E7E6491FE794950061439B /* SJAttributedStringKeys.m in Sources */,
				A69E5BF51FB09BDC00EB65B5 /* AppDelegate.m in Sources */,
				776BF60F1FE2D3500081CD9B /* SJLabelViewController.m in Sources */,
			);
			runOnlyForDeploymentPostprocessing = 0;
		};
/* End PBXSourcesBuildPhase section */

/* Begin PBXVariantGroup section */
		A69E5BF91FB09BDC00EB65B5 /* Main.storyboard */ = {
			isa = PBXVariantGroup;
			children = (
				A69E5BFA1FB09BDC00EB65B5 /* Base */,
			);
			name = Main.storyboard;
			sourceTree = "<group>";
		};
		A69E5BFE1FB09BDC00EB65B5 /* LaunchScreen.storyboard */ = {
			isa = PBXVariantGroup;
			children = (
				A69E5BFF1FB09BDC00EB65B5 /* Base */,
			);
			name = LaunchScreen.storyboard;
			sourceTree = "<group>";
		};
/* End PBXVariantGroup section */

/* Begin XCBuildConfiguration section */
		A69E5C041FB09BDC00EB65B5 /* Debug */ = {
			isa = XCBuildConfiguration;
			buildSettings = {
				ALWAYS_SEARCH_USER_PATHS = NO;
				CLANG_ANALYZER_NONNULL = YES;
				CLANG_ANALYZER_NUMBER_OBJECT_CONVERSION = YES_AGGRESSIVE;
				CLANG_CXX_LANGUAGE_STANDARD = "gnu++14";
				CLANG_CXX_LIBRARY = "libc++";
				CLANG_ENABLE_MODULES = YES;
				CLANG_ENABLE_OBJC_ARC = YES;
				CLANG_WARN_BLOCK_CAPTURE_AUTORELEASING = YES;
				CLANG_WARN_BOOL_CONVERSION = YES;
				CLANG_WARN_COMMA = YES;
				CLANG_WARN_CONSTANT_CONVERSION = YES;
				CLANG_WARN_DIRECT_OBJC_ISA_USAGE = YES_ERROR;
				CLANG_WARN_DOCUMENTATION_COMMENTS = YES;
				CLANG_WARN_EMPTY_BODY = YES;
				CLANG_WARN_ENUM_CONVERSION = YES;
				CLANG_WARN_INFINITE_RECURSION = YES;
				CLANG_WARN_INT_CONVERSION = YES;
				CLANG_WARN_NON_LITERAL_NULL_CONVERSION = YES;
				CLANG_WARN_OBJC_LITERAL_CONVERSION = YES;
				CLANG_WARN_OBJC_ROOT_CLASS = YES_ERROR;
				CLANG_WARN_RANGE_LOOP_ANALYSIS = YES;
				CLANG_WARN_STRICT_PROTOTYPES = YES;
				CLANG_WARN_SUSPICIOUS_MOVE = YES;
				CLANG_WARN_UNGUARDED_AVAILABILITY = YES_AGGRESSIVE;
				CLANG_WARN_UNREACHABLE_CODE = YES;
				CLANG_WARN__DUPLICATE_METHOD_MATCH = YES;
				CODE_SIGN_IDENTITY = "iPhone Developer";
				COPY_PHASE_STRIP = NO;
				DEBUG_INFORMATION_FORMAT = dwarf;
				ENABLE_STRICT_OBJC_MSGSEND = YES;
				ENABLE_TESTABILITY = YES;
				GCC_C_LANGUAGE_STANDARD = gnu11;
				GCC_DYNAMIC_NO_PIC = NO;
				GCC_NO_COMMON_BLOCKS = YES;
				GCC_OPTIMIZATION_LEVEL = 0;
				GCC_PREPROCESSOR_DEFINITIONS = (
					"DEBUG=1",
					"$(inherited)",
				);
				GCC_WARN_64_TO_32_BIT_CONVERSION = YES;
				GCC_WARN_ABOUT_RETURN_TYPE = YES_ERROR;
				GCC_WARN_UNDECLARED_SELECTOR = YES;
				GCC_WARN_UNINITIALIZED_AUTOS = YES_AGGRESSIVE;
				GCC_WARN_UNUSED_FUNCTION = YES;
				GCC_WARN_UNUSED_VARIABLE = YES;
				IPHONEOS_DEPLOYMENT_TARGET = 11.0;
				MTL_ENABLE_DEBUG_INFO = YES;
				ONLY_ACTIVE_ARCH = YES;
				SDKROOT = iphoneos;
			};
			name = Debug;
		};
		A69E5C051FB09BDC00EB65B5 /* Release */ = {
			isa = XCBuildConfiguration;
			buildSettings = {
				ALWAYS_SEARCH_USER_PATHS = NO;
				CLANG_ANALYZER_NONNULL = YES;
				CLANG_ANALYZER_NUMBER_OBJECT_CONVERSION = YES_AGGRESSIVE;
				CLANG_CXX_LANGUAGE_STANDARD = "gnu++14";
				CLANG_CXX_LIBRARY = "libc++";
				CLANG_ENABLE_MODULES = YES;
				CLANG_ENABLE_OBJC_ARC = YES;
				CLANG_WARN_BLOCK_CAPTURE_AUTORELEASING = YES;
				CLANG_WARN_BOOL_CONVERSION = YES;
				CLANG_WARN_COMMA = YES;
				CLANG_WARN_CONSTANT_CONVERSION = YES;
				CLANG_WARN_DIRECT_OBJC_ISA_USAGE = YES_ERROR;
				CLANG_WARN_DOCUMENTATION_COMMENTS = YES;
				CLANG_WARN_EMPTY_BODY = YES;
				CLANG_WARN_ENUM_CONVERSION = YES;
				CLANG_WARN_INFINITE_RECURSION = YES;
				CLANG_WARN_INT_CONVERSION = YES;
				CLANG_WARN_NON_LITERAL_NULL_CONVERSION = YES;
				CLANG_WARN_OBJC_LITERAL_CONVERSION = YES;
				CLANG_WARN_OBJC_ROOT_CLASS = YES_ERROR;
				CLANG_WARN_RANGE_LOOP_ANALYSIS = YES;
				CLANG_WARN_STRICT_PROTOTYPES = YES;
				CLANG_WARN_SUSPICIOUS_MOVE = YES;
				CLANG_WARN_UNGUARDED_AVAILABILITY = YES_AGGRESSIVE;
				CLANG_WARN_UNREACHABLE_CODE = YES;
				CLANG_WARN__DUPLICATE_METHOD_MATCH = YES;
				CODE_SIGN_IDENTITY = "iPhone Developer";
				COPY_PHASE_STRIP = NO;
				DEBUG_INFORMATION_FORMAT = "dwarf-with-dsym";
				ENABLE_NS_ASSERTIONS = NO;
				ENABLE_STRICT_OBJC_MSGSEND = YES;
				GCC_C_LANGUAGE_STANDARD = gnu11;
				GCC_NO_COMMON_BLOCKS = YES;
				GCC_WARN_64_TO_32_BIT_CONVERSION = YES;
				GCC_WARN_ABOUT_RETURN_TYPE = YES_ERROR;
				GCC_WARN_UNDECLARED_SELECTOR = YES;
				GCC_WARN_UNINITIALIZED_AUTOS = YES_AGGRESSIVE;
				GCC_WARN_UNUSED_FUNCTION = YES;
				GCC_WARN_UNUSED_VARIABLE = YES;
				IPHONEOS_DEPLOYMENT_TARGET = 11.0;
				MTL_ENABLE_DEBUG_INFO = NO;
				SDKROOT = iphoneos;
				VALIDATE_PRODUCT = YES;
			};
			name = Release;
		};
		A69E5C071FB09BDC00EB65B5 /* Debug */ = {
			isa = XCBuildConfiguration;
			baseConfigurationReference = 7B5BBDDC8EBE6151143BEA0B /* Pods-SJAttributesFactory.debug.xcconfig */;
			buildSettings = {
				ASSETCATALOG_COMPILER_APPICON_NAME = AppIcon;
				CODE_SIGN_IDENTITY = "iPhone Developer: sanjiang chang (43553KMQ9B)";
				CODE_SIGN_STYLE = Manual;
				DEVELOPMENT_TEAM = DB5B5F2RH5;
				INFOPLIST_FILE = SJAttributesFactory/Info.plist;
				IPHONEOS_DEPLOYMENT_TARGET = 9.0;
				LD_RUNPATH_SEARCH_PATHS = "$(inherited) @executable_path/Frameworks";
				PRODUCT_BUNDLE_IDENTIFIER = com.SanJiang.SJAttributesFactory;
				PRODUCT_NAME = "$(TARGET_NAME)";
				PROVISIONING_PROFILE = "acd2453e-e396-4ccf-bf56-508276824c6c";
				PROVISIONING_PROFILE_SPECIFIER = SanJiangDevelopment;
				TARGETED_DEVICE_FAMILY = "1,2";
			};
			name = Debug;
		};
		A69E5C081FB09BDC00EB65B5 /* Release */ = {
			isa = XCBuildConfiguration;
			baseConfigurationReference = A9D887137C8F564BA68B72DB /* Pods-SJAttributesFactory.release.xcconfig */;
			buildSettings = {
				ASSETCATALOG_COMPILER_APPICON_NAME = AppIcon;
				CODE_SIGN_STYLE = Manual;
				DEVELOPMENT_TEAM = "";
				INFOPLIST_FILE = SJAttributesFactory/Info.plist;
				IPHONEOS_DEPLOYMENT_TARGET = 9.0;
				LD_RUNPATH_SEARCH_PATHS = "$(inherited) @executable_path/Frameworks";
				PRODUCT_BUNDLE_IDENTIFIER = com.SanJiang.SJAttributesFactory;
				PRODUCT_NAME = "$(TARGET_NAME)";
				PROVISIONING_PROFILE_SPECIFIER = "";
				TARGETED_DEVICE_FAMILY = "1,2";
			};
			name = Release;
		};
/* End XCBuildConfiguration section */

/* Begin XCConfigurationList section */
		A69E5BEB1FB09BDC00EB65B5 /* Build configuration list for PBXProject "SJAttributesFactory" */ = {
			isa = XCConfigurationList;
			buildConfigurations = (
				A69E5C041FB09BDC00EB65B5 /* Debug */,
				A69E5C051FB09BDC00EB65B5 /* Release */,
			);
			defaultConfigurationIsVisible = 0;
			defaultConfigurationName = Release;
		};
		A69E5C061FB09BDC00EB65B5 /* Build configuration list for PBXNativeTarget "SJAttributesFactory" */ = {
			isa = XCConfigurationList;
			buildConfigurations = (
				A69E5C071FB09BDC00EB65B5 /* Debug */,
				A69E5C081FB09BDC00EB65B5 /* Release */,
			);
			defaultConfigurationIsVisible = 0;
			defaultConfigurationName = Release;
		};
/* End XCConfigurationList section */
	};
	rootObject = A69E5BE81FB09BDC00EB65B5 /* Project object */;
}
