// !$*UTF8*$!
{
	archiveVersion = 1;
	classes = {
	};
	objectVersion = 48;
	objects = {

/* Begin PBXBuildFile section */
		7774D7AA1FB15BAA00787173 /* SJAttributesFactory.m in Sources */ = {isa = PBXBuildFile; fileRef = 7774D7A91FB15BAA00787173 /* SJAttributesFactory.m */; };
		7774D7AC1FB15DB900787173 /* SJAttributesFactory.podspec in Resources */ = {isa = PBXBuildFile; fileRef = 7774D7AB1FB15DB900787173 /* SJAttributesFactory.podspec */; };
		7774D7AE1FB1603F00787173 /* README.md in Resources */ = {isa = PBXBuildFile; fileRef = 7774D7AD1FB1603F00787173 /* README.md */; };
		779A59E51FB33AB100F88DEC /* sample2.png in Resources */ = {isa = PBXBuildFile; fileRef = 779A59E41FB33AB100F88DEC /* sample2.png */; };
		779A59E71FB3466D00F88DEC /* ex.gif in Resources */ = {isa = PBXBuildFile; fileRef = 779A59E61FB3466D00F88DEC /* ex.gif */; };
		A69E5BF51FB09BDC00EB65B5 /* AppDelegate.m in Sources */ = {isa = PBXBuildFile; fileRef = A69E5BF41FB09BDC00EB65B5 /* AppDelegate.m */; };
		A69E5BF81FB09BDC00EB65B5 /* ViewController.m in Sources */ = {isa = PBXBuildFile; fileRef = A69E5BF71FB09BDC00EB65B5 /* ViewController.m */; };
		A69E5BFB1FB09BDC00EB65B5 /* Main.storyboard in Resources */ = {isa = PBXBuildFile; fileRef = A69E5BF91FB09BDC00EB65B5 /* Main.storyboard */; };
		A69E5BFD1FB09BDC00EB65B5 /* Assets.xcassets in Resources */ = {isa = PBXBuildFile; fileRef = A69E5BFC1FB09BDC00EB65B5 /* Assets.xcassets */; };
		A69E5C001FB09BDC00EB65B5 /* LaunchScreen.storyboard in Resources */ = {isa = PBXBuildFile; fileRef = A69E5BFE1FB09BDC00EB65B5 /* LaunchScreen.storyboard */; };
		A69E5C031FB09BDC00EB65B5 /* main.m in Sources */ = {isa = PBXBuildFile; fileRef = A69E5C021FB09BDC00EB65B5 /* main.m */; };
/* End PBXBuildFile section */

/* Begin PBXFileReference section */
		7774D7A81FB15BAA00787173 /* SJAttributesFactory.h */ = {isa = PBXFileReference; fileEncoding = 4; lastKnownFileType = sourcecode.c.h; path = SJAttributesFactory.h; sourceTree = "<group>"; };
		7774D7A91FB15BAA00787173 /* SJAttributesFactory.m */ = {isa = PBXFileReference; fileEncoding = 4; lastKnownFileType = sourcecode.c.objc; path = SJAttributesFactory.m; sourceTree = "<group>"; };
		7774D7AB1FB15DB900787173 /* SJAttributesFactory.podspec */ = {isa = PBXFileReference; fileEncoding = 4; lastKnownFileType = text; path = SJAttributesFactory.podspec; sourceTree = "<group>"; };
		7774D7AD1FB1603F00787173 /* README.md */ = {isa = PBXFileReference; fileEncoding = 4; lastKnownFileType = net.daringfireball.markdown; path = README.md; sourceTree = "<group>"; };
		779A59E41FB33AB100F88DEC /* sample2.png */ = {isa = PBXFileReference; lastKnownFileType = image.png; path = sample2.png; sourceTree = "<group>"; };
		779A59E61FB3466D00F88DEC /* ex.gif */ = {isa = PBXFileReference; lastKnownFileType = image.gif; path = ex.gif; sourceTree = "<group>"; };
		A61066CC1FB0D08A00A67DF9 /* sample1.png */ = {isa = PBXFileReference; lastKnownFileType = image.png; path = sample1.png; sourceTree = "<group>"; };
		A69E5BF01FB09BDC00EB65B5 /* SJAttributesFactory.app */ = {isa = PBXFileReference; explicitFileType = wrapper.application; includeInIndex = 0; path = SJAttributesFactory.app; sourceTree = BUILT_PRODUCTS_DIR; };
		A69E5BF31FB09BDC00EB65B5 /* AppDelegate.h */ = {isa = PBXFileReference; lastKnownFileType = sourcecode.c.h; path = AppDelegate.h; sourceTree = "<group>"; };
		A69E5BF41FB09BDC00EB65B5 /* AppDelegate.m */ = {isa = PBXFileReference; lastKnownFileType = sourcecode.c.objc; path = AppDelegate.m; sourceTree = "<group>"; };
		A69E5BF61FB09BDC00EB65B5 /* ViewController.h */ = {isa = PBXFileReference; lastKnownFileType = sourcecode.c.h; path = ViewController.h; sourceTree = "<group>"; };
		A69E5BF71FB09BDC00EB65B5 /* ViewController.m */ = {isa = PBXFileReference; lastKnownFileType = sourcecode.c.objc; path = ViewController.m; sourceTree = "<group>"; };
		A69E5BFA1FB09BDC00EB65B5 /* Base */ = {isa = PBXFileReference; lastKnownFileType = file.storyboard; name = Base; path = Base.lproj/Main.storyboard; sourceTree = "<group>"; };
		A69E5BFC1FB09BDC00EB65B5 /* Assets.xcassets */ = {isa = PBXFileReference; lastKnownFileType = folder.assetcatalog; path = Assets.xcassets; sourceTree = "<group>"; };
		A69E5BFF1FB09BDC00EB65B5 /* Base */ = {isa = PBXFileReference; lastKnownFileType = file.storyboard; name = Base; path = Base.lproj/LaunchScreen.storyboard; sourceTree = "<group>"; };
		A69E5C011FB09BDC00EB65B5 /* Info.plist */ = {isa = PBXFileReference; lastKnownFileType = text.plist.xml; path = Info.plist; sourceTree = "<group>"; };
		A69E5C021FB09BDC00EB65B5 /* main.m */ = {isa = PBXFileReference; lastKnownFileType = sourcecode.c.objc; path = main.m; sourceTree = "<group>"; };
/* End PBXFileReference section */

/* Begin PBXFrameworksBuildPhase section */
		A69E5BED1FB09BDC00EB65B5 /* Frameworks */ = {
			isa = PBXFrameworksBuildPhase;
			buildActionMask = 2147483647;
			files = (
			);
			runOnlyForDeploymentPostprocessing = 0;
		};
/* End PBXFrameworksBuildPhase section */

/* Begin PBXGroup section */
		7774D7A71FB15BAA00787173 /* Classes */ = {
			isa = PBXGroup;
			children = (
				7774D7A81FB15BAA00787173 /* SJAttributesFactory.h */,
				7774D7A91FB15BAA00787173 /* SJAttributesFactory.m */,
			);
			path = Classes;
			sourceTree = SOURCE_ROOT;
		};
		A69E5BE71FB09BDC00EB65B5 = {
			isa = PBXGroup;
			children = (
				7774D7AB1FB15DB900787173 /* SJAttributesFactory.podspec */,
				7774D7AD1FB1603F00787173 /* README.md */,
				A69E5BF21FB09BDC00EB65B5 /* SJAttributesFactory */,
				A69E5BF11FB09BDC00EB65B5 /* Products */,
			);
			sourceTree = "<group>";
		};
		A69E5BF11FB09BDC00EB65B5 /* Products */ = {
			isa = PBXGroup;
			children = (
				A69E5BF01FB09BDC00EB65B5 /* SJAttributesFactory.app */,
			);
			name = Products;
			sourceTree = "<group>";
		};
		A69E5BF21FB09BDC00EB65B5 /* SJAttributesFactory */ = {
			isa = PBXGroup;
			children = (
				A69E5BF31FB09BDC00EB65B5 /* AppDelegate.h */,
				A69E5BF41FB09BDC00EB65B5 /* AppDelegate.m */,
				A69E5BF61FB09BDC00EB65B5 /* ViewController.h */,
				A69E5BF71FB09BDC00EB65B5 /* ViewController.m */,
				779A59E61FB3466D00F88DEC /* ex.gif */,
				7774D7A71FB15BAA00787173 /* Classes */,
				A61066CC1FB0D08A00A67DF9 /* sample1.png */,
				779A59E41FB33AB100F88DEC /* sample2.png */,
				A69E5BF91FB09BDC00EB65B5 /* Main.storyboard */,
				A69E5BFC1FB09BDC00EB65B5 /* Assets.xcassets */,
				A69E5BFE1FB09BDC00EB65B5 /* LaunchScreen.storyboard */,
				A69E5C011FB09BDC00EB65B5 /* Info.plist */,
				A69E5C021FB09BDC00EB65B5 /* main.m */,
			);
			path = SJAttributesFactory;
			sourceTree = "<group>";
		};
/* End PBXGroup section */

/* Begin PBXNativeTarget section */
		A69E5BEF1FB09BDC00EB65B5 /* SJAttributesFactory */ = {
			isa = PBXNativeTarget;
			buildConfigurationList = A69E5C061FB09BDC00EB65B5 /* Build configuration list for PBXNativeTarget "SJAttributesFactory" */;
			buildPhases = (
				A69E5BEC1FB09BDC00EB65B5 /* Sources */,
				A69E5BED1FB09BDC00EB65B5 /* Frameworks */,
				A69E5BEE1FB09BDC00EB65B5 /* Resources */,
			);
			buildRules = (
			);
			dependencies = (
			);
			name = SJAttributesFactory;
			productName = SJAttributesFactory;
			productReference = A69E5BF01FB09BDC00EB65B5 /* SJAttributesFactory.app */;
			productType = "com.apple.product-type.application";
		};
/* End PBXNativeTarget section */

/* Begin PBXProject section */
		A69E5BE81FB09BDC00EB65B5 /* Project object */ = {
			isa = PBXProject;
			attributes = {
				LastUpgradeCheck = 0900;
				ORGANIZATIONNAME = "畅三江";
				TargetAttributes = {
					A69E5BEF1FB09BDC00EB65B5 = {
						CreatedOnToolsVersion = 9.0;
						ProvisioningStyle = Manual;
					};
				};
			};
			buildConfigurationList = A69E5BEB1FB09BDC00EB65B5 /* Build configuration list for PBXProject "SJAttributesFactory" */;
			compatibilityVersion = "Xcode 8.0";
			developmentRegion = en;
			hasScannedForEncodings = 0;
			knownRegions = (
				en,
				Base,
			);
			mainGroup = A69E5BE71FB09BDC00EB65B5;
			productRefGroup = A69E5BF11FB09BDC00EB65B5 /* Products */;
			projectDirPath = "";
			projectRoot = "";
			targets = (
				A69E5BEF1FB09BDC00EB65B5 /* SJAttributesFactory */,
			);
		};
/* End PBXProject section */

/* Begin PBXResourcesBuildPhase section */
		A69E5BEE1FB09BDC00EB65B5 /* Resources */ = {
			isa = PBXResourcesBuildPhase;
			buildActionMask = 2147483647;
			files = (
				7774D7AE1FB1603F00787173 /* README.md in Resources */,
				779A59E71FB3466D00F88DEC /* ex.gif in Resources */,
				A69E5C001FB09BDC00EB65B5 /* LaunchScreen.storyboard in Resources */,
				A69E5BFD1FB09BDC00EB65B5 /* Assets.xcassets in Resources */,
				A69E5BFB1FB09BDC00EB65B5 /* Main.storyboard in Resources */,
				779A59E51FB33AB100F88DEC /* sample2.png in Resources */,
				7774D7AC1FB15DB900787173 /* SJAttributesFactory.podspec in Resources */,
			);
			runOnlyForDeploymentPostprocessing = 0;
		};
/* End PBXResourcesBuildPhase section */

/* Begin PBXSourcesBuildPhase section */
		A69E5BEC1FB09BDC00EB65B5 /* Sources */ = {
			isa = PBXSourcesBuildPhase;
			buildActionMask = 2147483647;
			files = (
				7774D7AA1FB15BAA00787173 /* SJAttributesFactory.m in Sources */,
				A69E5BF81FB09BDC00EB65B5 /* ViewController.m in Sources */,
				A69E5C031FB09BDC00EB65B5 /* main.m in Sources */,
				A69E5BF51FB09BDC00EB65B5 /* AppDelegate.m in Sources */,
			);
			runOnlyForDeploymentPostprocessing = 0;
		};
/* End PBXSourcesBuildPhase section */

/* Begin PBXVariantGroup section */
		A69E5BF91FB09BDC00EB65B5 /* Main.storyboard */ = {
			isa = PBXVariantGroup;
			children = (
				A69E5BFA1FB09BDC00EB65B5 /* Base */,
			);
			name = Main.storyboard;
			sourceTree = "<group>";
		};
		A69E5BFE1FB09BDC00EB65B5 /* LaunchScreen.storyboard */ = {
			isa = PBXVariantGroup;
			children = (
				A69E5BFF1FB09BDC00EB65B5 /* Base */,
			);
			name = LaunchScreen.storyboard;
			sourceTree = "<group>";
		};
/* End PBXVariantGroup section */

/* Begin XCBuildConfiguration section */
		A69E5C041FB09BDC00EB65B5 /* Debug */ = {
			isa = XCBuildConfiguration;
			buildSettings = {
				ALWAYS_SEARCH_USER_PATHS = NO;
				CLANG_ANALYZER_NONNULL = YES;
				CLANG_ANALYZER_NUMBER_OBJECT_CONVERSION = YES_AGGRESSIVE;
				CLANG_CXX_LANGUAGE_STANDARD = "gnu++14";
				CLANG_CXX_LIBRARY = "libc++";
				CLANG_ENABLE_MODULES = YES;
				CLANG_ENABLE_OBJC_ARC = YES;
				CLANG_WARN_BLOCK_CAPTURE_AUTORELEASING = YES;
				CLANG_WARN_BOOL_CONVERSION = YES;
				CLANG_WARN_COMMA = YES;
				CLANG_WARN_CONSTANT_CONVERSION = YES;
				CLANG_WARN_DIRECT_OBJC_ISA_USAGE = YES_ERROR;
				CLANG_WARN_DOCUMENTATION_COMMENTS = YES;
				CLANG_WARN_EMPTY_BODY = YES;
				CLANG_WARN_ENUM_CONVERSION = YES;
				CLANG_WARN_INFINITE_RECURSION = YES;
				CLANG_WARN_INT_CONVERSION = YES;
				CLANG_WARN_NON_LITERAL_NULL_CONVERSION = YES;
				CLANG_WARN_OBJC_LITERAL_CONVERSION = YES;
				CLANG_WARN_OBJC_ROOT_CLASS = YES_ERROR;
				CLANG_WARN_RANGE_LOOP_ANALYSIS = YES;
				CLANG_WARN_STRICT_PROTOTYPES = YES;
				CLANG_WARN_SUSPICIOUS_MOVE = YES;
				CLANG_WARN_UNGUARDED_AVAILABILITY = YES_AGGRESSIVE;
				CLANG_WARN_UNREACHABLE_CODE = YES;
				CLANG_WARN__DUPLICATE_METHOD_MATCH = YES;
				CODE_SIGN_IDENTITY = "iPhone Developer";
				COPY_PHASE_STRIP = NO;
				DEBUG_INFORMATION_FORMAT = dwarf;
				ENABLE_STRICT_OBJC_MSGSEND = YES;
				ENABLE_TESTABILITY = YES;
				GCC_C_LANGUAGE_STANDARD = gnu11;
				GCC_DYNAMIC_NO_PIC = NO;
				GCC_NO_COMMON_BLOCKS = YES;
				GCC_OPTIMIZATION_LEVEL = 0;
				GCC_PREPROCESSOR_DEFINITIONS = (
					"DEBUG=1",
					"$(inherited)",
				);
				GCC_WARN_64_TO_32_BIT_CONVERSION = YES;
				GCC_WARN_ABOUT_RETURN_TYPE = YES_ERROR;
				GCC_WARN_UNDECLARED_SELECTOR = YES;
				GCC_WARN_UNINITIALIZED_AUTOS = YES_AGGRESSIVE;
				GCC_WARN_UNUSED_FUNCTION = YES;
				GCC_WARN_UNUSED_VARIABLE = YES;
				IPHONEOS_DEPLOYMENT_TARGET = 11.0;
				MTL_ENABLE_DEBUG_INFO = YES;
				ONLY_ACTIVE_ARCH = YES;
				SDKROOT = iphoneos;
			};
			name = Debug;
		};
		A69E5C051FB09BDC00EB65B5 /* Release */ = {
			isa = XCBuildConfiguration;
			buildSettings = {
				ALWAYS_SEARCH_USER_PATHS = NO;
				CLANG_ANALYZER_NONNULL = YES;
				CLANG_ANALYZER_NUMBER_OBJECT_CONVERSION = YES_AGGRESSIVE;
				CLANG_CXX_LANGUAGE_STANDARD = "gnu++14";
				CLANG_CXX_LIBRARY = "libc++";
				CLANG_ENABLE_MODULES = YES;
				CLANG_ENABLE_OBJC_ARC = YES;
				CLANG_WARN_BLOCK_CAPTURE_AUTORELEASING = YES;
				CLANG_WARN_BOOL_CONVERSION = YES;
				CLANG_WARN_COMMA = YES;
				CLANG_WARN_CONSTANT_CONVERSION = YES;
				CLANG_WARN_DIRECT_OBJC_ISA_USAGE = YES_ERROR;
				CLANG_WARN_DOCUMENTATION_COMMENTS = YES;
				CLANG_WARN_EMPTY_BODY = YES;
				CLANG_WARN_ENUM_CONVERSION = YES;
				CLANG_WARN_INFINITE_RECURSION = YES;
				CLANG_WARN_INT_CONVERSION = YES;
				CLANG_WARN_NON_LITERAL_NULL_CONVERSION = YES;
				CLANG_WARN_OBJC_LITERAL_CONVERSION = YES;
				CLANG_WARN_OBJC_ROOT_CLASS = YES_ERROR;
				CLANG_WARN_RANGE_LOOP_ANALYSIS = YES;
				CLANG_WARN_STRICT_PROTOTYPES = YES;
				CLANG_WARN_SUSPICIOUS_MOVE = YES;
				CLANG_WARN_UNGUARDED_AVAILABILITY = YES_AGGRESSIVE;
				CLANG_WARN_UNREACHABLE_CODE = YES;
				CLANG_WARN__DUPLICATE_METHOD_MATCH = YES;
				CODE_SIGN_IDENTITY = "iPhone Developer";
				COPY_PHASE_STRIP = NO;
				DEBUG_INFORMATION_FORMAT = "dwarf-with-dsym";
				ENABLE_NS_ASSERTIONS = NO;
				ENABLE_STRICT_OBJC_MSGSEND = YES;
				GCC_C_LANGUAGE_STANDARD = gnu11;
				GCC_NO_COMMON_BLOCKS = YES;
				GCC_WARN_64_TO_32_BIT_CONVERSION = YES;
				GCC_WARN_ABOUT_RETURN_TYPE = YES_ERROR;
				GCC_WARN_UNDECLARED_SELECTOR = YES;
				GCC_WARN_UNINITIALIZED_AUTOS = YES_AGGRESSIVE;
				GCC_WARN_UNUSED_FUNCTION = YES;
				GCC_WARN_UNUSED_VARIABLE = YES;
				IPHONEOS_DEPLOYMENT_TARGET = 11.0;
				MTL_ENABLE_DEBUG_INFO = NO;
				SDKROOT = iphoneos;
				VALIDATE_PRODUCT = YES;
			};
			name = Release;
		};
		A69E5C071FB09BDC00EB65B5 /* Debug */ = {
			isa = XCBuildConfiguration;
			buildSettings = {
				ASSETCATALOG_COMPILER_APPICON_NAME = AppIcon;
				CODE_SIGN_IDENTITY = "iPhone Developer: sanjiang chang (43553KMQ9B)";
				CODE_SIGN_STYLE = Manual;
				DEVELOPMENT_TEAM = DB5B5F2RH5;
				INFOPLIST_FILE = SJAttributesFactory/Info.plist;
				IPHONEOS_DEPLOYMENT_TARGET = 9.0;
				LD_RUNPATH_SEARCH_PATHS = "$(inherited) @executable_path/Frameworks";
				PRODUCT_BUNDLE_IDENTIFIER = com.SanJiang.SJAttributesFactory;
				PRODUCT_NAME = "$(TARGET_NAME)";
				PROVISIONING_PROFILE = "acd2453e-e396-4ccf-bf56-508276824c6c";
				PROVISIONING_PROFILE_SPECIFIER = SanJiangDevelopment;
				TARGETED_DEVICE_FAMILY = "1,2";
			};
			name = Debug;
		};
		A69E5C081FB09BDC00EB65B5 /* Release */ = {
			isa = XCBuildConfiguration;
			buildSettings = {
				ASSETCATALOG_COMPILER_APPICON_NAME = AppIcon;
				CODE_SIGN_STYLE = Manual;
				DEVELOPMENT_TEAM = "";
				INFOPLIST_FILE = SJAttributesFactory/Info.plist;
				IPHONEOS_DEPLOYMENT_TARGET = 9.0;
				LD_RUNPATH_SEARCH_PATHS = "$(inherited) @executable_path/Frameworks";
				PRODUCT_BUNDLE_IDENTIFIER = com.SanJiang.SJAttributesFactory;
				PRODUCT_NAME = "$(TARGET_NAME)";
				PROVISIONING_PROFILE_SPECIFIER = "";
				TARGETED_DEVICE_FAMILY = "1,2";
			};
			name = Release;
		};
/* End XCBuildConfiguration section */

/* Begin XCConfigurationList section */
		A69E5BEB1FB09BDC00EB65B5 /* Build configuration list for PBXProject "SJAttributesFactory" */ = {
			isa = XCConfigurationList;
			buildConfigurations = (
				A69E5C041FB09BDC00EB65B5 /* Debug */,
				A69E5C051FB09BDC00EB65B5 /* Release */,
			);
			defaultConfigurationIsVisible = 0;
			defaultConfigurationName = Release;
		};
		A69E5C061FB09BDC00EB65B5 /* Build configuration list for PBXNativeTarget "SJAttributesFactory" */ = {
			isa = XCConfigurationList;
			buildConfigurations = (
				A69E5C071FB09BDC00EB65B5 /* Debug */,
				A69E5C081FB09BDC00EB65B5 /* Release */,
			);
			defaultConfigurationIsVisible = 0;
			defaultConfigurationName = Release;
		};
/* End XCConfigurationList section */
	};
	rootObject = A69E5BE81FB09BDC00EB65B5 /* Project object */;
}
